
Microsoft Visual Studio Solution File, Format Version 12.00
# Visual Studio 2013
VisualStudioVersion = 12.0.21005.1
MinimumVisualStudioVersion = 10.0.40219.1
Project("{FAE04EC0-301F-11D3-BF4B-00C04F79EFBC}") = "NODClassLibrary", "NODClassLibrary\NODClassLibrary.csproj", "{6EF9116F-F9A5-4ECE-9A84-1E79D795E47D}"
EndProject
Project("{FAE04EC0-301F-11D3-BF4B-00C04F79EFBC}") = "Console", "Console\Console.csproj", "{3BE37D68-9874-4565-94A4-5A0DD5D08E22}"
EndProject
Project("{FAE04EC0-301F-11D3-BF4B-00C04F79EFBC}") = "Charts", "Charts\Charts.csproj", "{972AFD39-16CF-49D1-B319-DBE06F2FEF6D}"
EndProject
Project("{FAE04EC0-301F-11D3-BF4B-00C04F79EFBC}") = "UnitTests", "UnitTests\UnitTests.csproj", "{5C767C23-95ED-4D9D-ADFA-1748B8C99118}"
EndProject
Global
	GlobalSection(SolutionConfigurationPlatforms) = preSolution
		Debug|Any CPU = Debug|Any CPU
		Release|Any CPU = Release|Any CPU
	EndGlobalSection
	GlobalSection(ProjectConfigurationPlatforms) = postSolution
		{6EF9116F-F9A5-4ECE-9A84-1E79D795E47D}.Debug|Any CPU.ActiveCfg = Debug|Any CPU
		{6EF9116F-F9A5-4ECE-9A84-1E79D795E47D}.Debug|Any CPU.Build.0 = Debug|Any CPU
		{6EF9116F-F9A5-4ECE-9A84-1E79D795E47D}.Release|Any CPU.ActiveCfg = Release|Any CPU
		{6EF9116F-F9A5-4ECE-9A84-1E79D795E47D}.Release|Any CPU.Build.0 = Release|Any CPU
		{3BE37D68-9874-4565-94A4-5A0DD5D08E22}.Debug|Any CPU.ActiveCfg = Debug|Any CPU
		{3BE37D68-9874-4565-94A4-5A0DD5D08E22}.Debug|Any CPU.Build.0 = Debug|Any CPU
		{3BE37D68-9874-4565-94A4-5A0DD5D08E22}.Release|Any CPU.ActiveCfg = Release|Any CPU
		{3BE37D68-9874-4565-94A4-5A0DD5D08E22}.Release|Any CPU.Build.0 = Release|Any CPU
		{972AFD39-16CF-49D1-B319-DBE06F2FEF6D}.Debug|Any CPU.ActiveCfg = Debug|Any CPU
		{972AFD39-16CF-49D1-B319-DBE06F2FEF6D}.Debug|Any CPU.Build.0 = Debug|Any CPU
		{972AFD39-16CF-49D1-B319-DBE06F2FEF6D}.Release|Any CPU.ActiveCfg = Release|Any CPU
		{972AFD39-16CF-49D1-B319-DBE06F2FEF6D}.Release|Any CPU.Build.0 = Release|Any CPU
		{5C767C23-95ED-4D9D-ADFA-1748B8C99118}.Debug|Any CPU.ActiveCfg = Debug|Any CPU
		{5C767C23-95ED-4D9D-ADFA-1748B8C99118}.Debug|Any CPU.Build.0 = Debug|Any CPU
		{5C767C23-95ED-4D9D-ADFA-1748B8C99118}.Release|Any CPU.ActiveCfg = Release|Any CPU
		{5C767C23-95ED-4D9D-ADFA-1748B8C99118}.Release|Any CPU.Build.0 = Release|Any CPU
	EndGlobalSection
	GlobalSection(SolutionProperties) = preSolution
		HideSolutionNode = FALSE
	EndGlobalSection
EndGlobal
