
Microsoft Visual Studio Solution File, Format Version 12.00
# Visual Studio 2013
VisualStudioVersion = 12.0.31101.0
MinimumVisualStudioVersion = 10.0.40219.1
Project("{FAE04EC0-301F-11D3-BF4B-00C04F79EFBC}") = "TriangleClass", "TriangleClass\TriangleClass.csproj", "{1355139D-9552-434A-A1FA-EABE2F3EAB89}"
EndProject
Project("{FAE04EC0-301F-11D3-BF4B-00C04F79EFBC}") = "UnitTestForTriangles", "UnitTestForTriangles\UnitTestForTriangles.csproj", "{F613085B-FB52-4F3B-B99C-75952D0B22F5}"
EndProject
Project("{FAE04EC0-301F-11D3-BF4B-00C04F79EFBC}") = "TriangleConsole", "TriangleConsole\TriangleConsole.csproj", "{41218B4A-4854-41D5-9B06-E22F7814E3E5}"
EndProject
Global
	GlobalSection(SolutionConfigurationPlatforms) = preSolution
		Debug|Any CPU = Debug|Any CPU
		Release|Any CPU = Release|Any CPU
	EndGlobalSection
	GlobalSection(ProjectConfigurationPlatforms) = postSolution
		{1355139D-9552-434A-A1FA-EABE2F3EAB89}.Debug|Any CPU.ActiveCfg = Debug|Any CPU
		{1355139D-9552-434A-A1FA-EABE2F3EAB89}.Debug|Any CPU.Build.0 = Debug|Any CPU
		{1355139D-9552-434A-A1FA-EABE2F3EAB89}.Release|Any CPU.ActiveCfg = Release|Any CPU
		{1355139D-9552-434A-A1FA-EABE2F3EAB89}.Release|Any CPU.Build.0 = Release|Any CPU
		{F613085B-FB52-4F3B-B99C-75952D0B22F5}.Debug|Any CPU.ActiveCfg = Debug|Any CPU
		{F613085B-FB52-4F3B-B99C-75952D0B22F5}.Debug|Any CPU.Build.0 = Debug|Any CPU
		{F613085B-FB52-4F3B-B99C-75952D0B22F5}.Release|Any CPU.ActiveCfg = Release|Any CPU
		{F613085B-FB52-4F3B-B99C-75952D0B22F5}.Release|Any CPU.Build.0 = Release|Any CPU
		{41218B4A-4854-41D5-9B06-E22F7814E3E5}.Debug|Any CPU.ActiveCfg = Debug|Any CPU
		{41218B4A-4854-41D5-9B06-E22F7814E3E5}.Debug|Any CPU.Build.0 = Debug|Any CPU
		{41218B4A-4854-41D5-9B06-E22F7814E3E5}.Release|Any CPU.ActiveCfg = Release|Any CPU
		{41218B4A-4854-41D5-9B06-E22F7814E3E5}.Release|Any CPU.Build.0 = Release|Any CPU
	EndGlobalSection
	GlobalSection(SolutionProperties) = preSolution
		HideSolutionNode = FALSE
	EndGlobalSection
EndGlobal
