
Microsoft Visual Studio Solution File, Format Version 12.00
# Visual Studio 2013
VisualStudioVersion = 12.0.31101.0
MinimumVisualStudioVersion = 10.0.40219.1
Project("{FAE04EC0-301F-11D3-BF4B-00C04F79EFBC}") = "FormatForString", "firstTaskClassLibrary\FormatForString.csproj", "{2FC3F64A-0E19-40B8-93C6-5D32F213DE0C}"
EndProject
Project("{FAE04EC0-301F-11D3-BF4B-00C04F79EFBC}") = "ConsoleApp", "ConsoleApp\ConsoleApp.csproj", "{DBD81D6A-6C29-43FF-8AF1-8422D3CCDEF2}"
EndProject
Project("{FAE04EC0-301F-11D3-BF4B-00C04F79EFBC}") = "WpfTask1", "WpfTask1\WpfTask1.csproj", "{9E2BE2CD-503C-46E2-8532-FA1983024301}"
EndProject
Global
	GlobalSection(SolutionConfigurationPlatforms) = preSolution
		Debug|Any CPU = Debug|Any CPU
		Release|Any CPU = Release|Any CPU
	EndGlobalSection
	GlobalSection(ProjectConfigurationPlatforms) = postSolution
		{2FC3F64A-0E19-40B8-93C6-5D32F213DE0C}.Debug|Any CPU.ActiveCfg = Debug|Any CPU
		{2FC3F64A-0E19-40B8-93C6-5D32F213DE0C}.Debug|Any CPU.Build.0 = Debug|Any CPU
		{2FC3F64A-0E19-40B8-93C6-5D32F213DE0C}.Release|Any CPU.ActiveCfg = Release|Any CPU
		{2FC3F64A-0E19-40B8-93C6-5D32F213DE0C}.Release|Any CPU.Build.0 = Release|Any CPU
		{DBD81D6A-6C29-43FF-8AF1-8422D3CCDEF2}.Debug|Any CPU.ActiveCfg = Debug|Any CPU
		{DBD81D6A-6C29-43FF-8AF1-8422D3CCDEF2}.Debug|Any CPU.Build.0 = Debug|Any CPU
		{DBD81D6A-6C29-43FF-8AF1-8422D3CCDEF2}.Release|Any CPU.ActiveCfg = Release|Any CPU
		{DBD81D6A-6C29-43FF-8AF1-8422D3CCDEF2}.Release|Any CPU.Build.0 = Release|Any CPU
		{9E2BE2CD-503C-46E2-8532-FA1983024301}.Debug|Any CPU.ActiveCfg = Debug|Any CPU
		{9E2BE2CD-503C-46E2-8532-FA1983024301}.Debug|Any CPU.Build.0 = Debug|Any CPU
		{9E2BE2CD-503C-46E2-8532-FA1983024301}.Release|Any CPU.ActiveCfg = Release|Any CPU
		{9E2BE2CD-503C-46E2-8532-FA1983024301}.Release|Any CPU.Build.0 = Release|Any CPU
	EndGlobalSection
	GlobalSection(SolutionProperties) = preSolution
		HideSolutionNode = FALSE
	EndGlobalSection
EndGlobal
