
Microsoft Visual Studio Solution File, Format Version 12.00
# Visual Studio 2013
VisualStudioVersion = 12.0.31101.0
MinimumVisualStudioVersion = 10.0.40219.1
Project("{FAE04EC0-301F-11D3-BF4B-00C04F79EFBC}") = "Matrix", "Matrix\Matrix.csproj", "{0EB7B9E9-2CE9-4089-B4EC-DDBC6A334708}"
EndProject
Project("{FAE04EC0-301F-11D3-BF4B-00C04F79EFBC}") = "MatrConsole", "MatrConsole\MatrConsole.csproj", "{D913EB24-4793-417B-AE95-FBE0F026D204}"
EndProject
Project("{FAE04EC0-301F-11D3-BF4B-00C04F79EFBC}") = "UnitTestsForMatriix", "UnitTestsForMatriix\UnitTestsForMatriix.csproj", "{EDDC483F-FF75-49DB-9EE3-F23DA94DFECB}"
EndProject
Global
	GlobalSection(SolutionConfigurationPlatforms) = preSolution
		Debug|Any CPU = Debug|Any CPU
		Release|Any CPU = Release|Any CPU
	EndGlobalSection
	GlobalSection(ProjectConfigurationPlatforms) = postSolution
		{0EB7B9E9-2CE9-4089-B4EC-DDBC6A334708}.Debug|Any CPU.ActiveCfg = Debug|Any CPU
		{0EB7B9E9-2CE9-4089-B4EC-DDBC6A334708}.Debug|Any CPU.Build.0 = Debug|Any CPU
		{0EB7B9E9-2CE9-4089-B4EC-DDBC6A334708}.Release|Any CPU.ActiveCfg = Release|Any CPU
		{0EB7B9E9-2CE9-4089-B4EC-DDBC6A334708}.Release|Any CPU.Build.0 = Release|Any CPU
		{D913EB24-4793-417B-AE95-FBE0F026D204}.Debug|Any CPU.ActiveCfg = Debug|Any CPU
		{D913EB24-4793-417B-AE95-FBE0F026D204}.Debug|Any CPU.Build.0 = Debug|Any CPU
		{D913EB24-4793-417B-AE95-FBE0F026D204}.Release|Any CPU.ActiveCfg = Release|Any CPU
		{D913EB24-4793-417B-AE95-FBE0F026D204}.Release|Any CPU.Build.0 = Release|Any CPU
		{EDDC483F-FF75-49DB-9EE3-F23DA94DFECB}.Debug|Any CPU.ActiveCfg = Debug|Any CPU
		{EDDC483F-FF75-49DB-9EE3-F23DA94DFECB}.Debug|Any CPU.Build.0 = Debug|Any CPU
		{EDDC483F-FF75-49DB-9EE3-F23DA94DFECB}.Release|Any CPU.ActiveCfg = Release|Any CPU
		{EDDC483F-FF75-49DB-9EE3-F23DA94DFECB}.Release|Any CPU.Build.0 = Release|Any CPU
	EndGlobalSection
	GlobalSection(SolutionProperties) = preSolution
		HideSolutionNode = FALSE
	EndGlobalSection
EndGlobal
