
Microsoft Visual Studio Solution File, Format Version 12.00
# Visual Studio 2013
VisualStudioVersion = 12.0.31101.0
MinimumVisualStudioVersion = 10.0.40219.1
Project("{FAE04EC0-301F-11D3-BF4B-00C04F79EFBC}") = "Task6", "Task6Class\Task6.csproj", "{1547AE73-10C4-4D8B-B603-2EFE700C89F0}"
EndProject
Project("{FAE04EC0-301F-11D3-BF4B-00C04F79EFBC}") = "Interfaces", "Interfaces\Interfaces.csproj", "{55EF8625-5C3E-4E18-B54A-F0F1F5B4727C}"
EndProject
Project("{FAE04EC0-301F-11D3-BF4B-00C04F79EFBC}") = "MyFIleReader", "MyFIleReader\MyFIleReader.csproj", "{A480E9D0-EF27-4521-811D-3CCECDD20676}"
EndProject
Project("{FAE04EC0-301F-11D3-BF4B-00C04F79EFBC}") = "FileReadWPF", "WpfApplication1\FileReadWPF.csproj", "{54920F21-FC4D-419B-8AA2-E6BFD3704990}"
EndProject
Global
	GlobalSection(SolutionConfigurationPlatforms) = preSolution
		Debug|Any CPU = Debug|Any CPU
		Release|Any CPU = Release|Any CPU
	EndGlobalSection
	GlobalSection(ProjectConfigurationPlatforms) = postSolution
		{1547AE73-10C4-4D8B-B603-2EFE700C89F0}.Debug|Any CPU.ActiveCfg = Debug|Any CPU
		{1547AE73-10C4-4D8B-B603-2EFE700C89F0}.Debug|Any CPU.Build.0 = Debug|Any CPU
		{1547AE73-10C4-4D8B-B603-2EFE700C89F0}.Release|Any CPU.ActiveCfg = Release|Any CPU
		{1547AE73-10C4-4D8B-B603-2EFE700C89F0}.Release|Any CPU.Build.0 = Release|Any CPU
		{55EF8625-5C3E-4E18-B54A-F0F1F5B4727C}.Debug|Any CPU.ActiveCfg = Debug|Any CPU
		{55EF8625-5C3E-4E18-B54A-F0F1F5B4727C}.Debug|Any CPU.Build.0 = Debug|Any CPU
		{55EF8625-5C3E-4E18-B54A-F0F1F5B4727C}.Release|Any CPU.ActiveCfg = Release|Any CPU
		{55EF8625-5C3E-4E18-B54A-F0F1F5B4727C}.Release|Any CPU.Build.0 = Release|Any CPU
		{A480E9D0-EF27-4521-811D-3CCECDD20676}.Debug|Any CPU.ActiveCfg = Debug|Any CPU
		{A480E9D0-EF27-4521-811D-3CCECDD20676}.Debug|Any CPU.Build.0 = Debug|Any CPU
		{A480E9D0-EF27-4521-811D-3CCECDD20676}.Release|Any CPU.ActiveCfg = Release|Any CPU
		{A480E9D0-EF27-4521-811D-3CCECDD20676}.Release|Any CPU.Build.0 = Release|Any CPU
		{54920F21-FC4D-419B-8AA2-E6BFD3704990}.Debug|Any CPU.ActiveCfg = Debug|Any CPU
		{54920F21-FC4D-419B-8AA2-E6BFD3704990}.Debug|Any CPU.Build.0 = Debug|Any CPU
		{54920F21-FC4D-419B-8AA2-E6BFD3704990}.Release|Any CPU.ActiveCfg = Release|Any CPU
		{54920F21-FC4D-419B-8AA2-E6BFD3704990}.Release|Any CPU.Build.0 = Release|Any CPU
	EndGlobalSection
	GlobalSection(SolutionProperties) = preSolution
		HideSolutionNode = FALSE
	EndGlobalSection
EndGlobal
